
Microsoft Visual Studio Solution File, Format Version 12.00
# Visual Studio 14
VisualStudioVersion = 14.0.25420.1
MinimumVisualStudioVersion = 10.0.40219.1
Project("{F184B08F-C81C-45F6-A57F-5ABD9991F28F}") = "CPMClient", "CPMClient\CPMClient.vbproj", "{6DE77E66-A8D1-4D37-B635-2375E5CF7694}"
	ProjectSection(ProjectDependencies) = postProject
		{8E954813-D557-43CA-91CD-09B9C27C4646} = {8E954813-D557-43CA-91CD-09B9C27C4646}
		{C107ECB5-4206-4DB2-94AA-552D9B796F13} = {C107ECB5-4206-4DB2-94AA-552D9B796F13}
		{6C11F1DE-C62C-4E40-8B94-BEEFBACEB49C} = {6C11F1DE-C62C-4E40-8B94-BEEFBACEB49C}
	EndProjectSection
EndProject
Project("{F184B08F-C81C-45F6-A57F-5ABD9991F28F}") = "CPMUploader", "CPMUploader\CPMUploader.vbproj", "{C107ECB5-4206-4DB2-94AA-552D9B796F13}"
EndProject
Project("{F184B08F-C81C-45F6-A57F-5ABD9991F28F}") = "CPMSearcher", "CPMSearcher\CPMSearcher.vbproj", "{8E954813-D557-43CA-91CD-09B9C27C4646}"
EndProject
Project("{F184B08F-C81C-45F6-A57F-5ABD9991F28F}") = "CPMDownloader", "CPMDownloader\CPMDownloader.vbproj", "{6C11F1DE-C62C-4E40-8B94-BEEFBACEB49C}"
EndProject
Global
	GlobalSection(SolutionConfigurationPlatforms) = preSolution
		Debug|Any CPU = Debug|Any CPU
		Release|Any CPU = Release|Any CPU
	EndGlobalSection
	GlobalSection(ProjectConfigurationPlatforms) = postSolution
		{6DE77E66-A8D1-4D37-B635-2375E5CF7694}.Debug|Any CPU.ActiveCfg = Debug|Any CPU
		{6DE77E66-A8D1-4D37-B635-2375E5CF7694}.Debug|Any CPU.Build.0 = Debug|Any CPU
		{6DE77E66-A8D1-4D37-B635-2375E5CF7694}.Release|Any CPU.ActiveCfg = Release|Any CPU
		{6DE77E66-A8D1-4D37-B635-2375E5CF7694}.Release|Any CPU.Build.0 = Release|Any CPU
		{C107ECB5-4206-4DB2-94AA-552D9B796F13}.Debug|Any CPU.ActiveCfg = Debug|Any CPU
		{C107ECB5-4206-4DB2-94AA-552D9B796F13}.Debug|Any CPU.Build.0 = Debug|Any CPU
		{C107ECB5-4206-4DB2-94AA-552D9B796F13}.Release|Any CPU.ActiveCfg = Release|Any CPU
		{C107ECB5-4206-4DB2-94AA-552D9B796F13}.Release|Any CPU.Build.0 = Release|Any CPU
		{8E954813-D557-43CA-91CD-09B9C27C4646}.Debug|Any CPU.ActiveCfg = Debug|Any CPU
		{8E954813-D557-43CA-91CD-09B9C27C4646}.Debug|Any CPU.Build.0 = Debug|Any CPU
		{8E954813-D557-43CA-91CD-09B9C27C4646}.Release|Any CPU.ActiveCfg = Release|Any CPU
		{8E954813-D557-43CA-91CD-09B9C27C4646}.Release|Any CPU.Build.0 = Release|Any CPU
		{6C11F1DE-C62C-4E40-8B94-BEEFBACEB49C}.Debug|Any CPU.ActiveCfg = Debug|Any CPU
		{6C11F1DE-C62C-4E40-8B94-BEEFBACEB49C}.Debug|Any CPU.Build.0 = Debug|Any CPU
		{6C11F1DE-C62C-4E40-8B94-BEEFBACEB49C}.Release|Any CPU.ActiveCfg = Release|Any CPU
		{6C11F1DE-C62C-4E40-8B94-BEEFBACEB49C}.Release|Any CPU.Build.0 = Release|Any CPU
	EndGlobalSection
	GlobalSection(SolutionProperties) = preSolution
		HideSolutionNode = FALSE
	EndGlobalSection
EndGlobal
